Microsoft Visual Studio Solution File, Format Version 12.00
# Visual Studio Version 17
VisualStudioVersion = 17.13.35818.85
MinimumVisualStudioVersion = 10.0.40219.1
Project("{FAE04EC0-301F-11D3-BF4B-00C04F79EFBC}") = "WebForms1", "WebForms1.csproj", "{8386AE06-19E0-48FD-910F-E1E9878D57EA}"
EndProject
Global
	GlobalSection(SolutionConfigurationPlatforms) = preSolution
		Debug|Any CPU = Debug|Any CPU
		Release|Any CPU = Release|Any CPU
	EndGlobalSection
	GlobalSection(ProjectConfigurationPlatforms) = postSolution
		{8386AE06-19E0-48FD-910F-E1E9878D57EA}.Debug|Any CPU.ActiveCfg = Debug|Any CPU
		{8386AE06-19E0-48FD-910F-E1E9878D57EA}.Debug|Any CPU.Build.0 = Debug|Any CPU
		{8386AE06-19E0-48FD-910F-E1E9878D57EA}.Release|Any CPU.ActiveCfg = Release|Any CPU
		{8386AE06-19E0-48FD-910F-E1E9878D57EA}.Release|Any CPU.Build.0 = Release|Any CPU
	EndGlobalSection
	GlobalSection(SolutionProperties) = preSolution
		HideSolutionNode = FALSE
	EndGlobalSection
	GlobalSection(ExtensibilityGlobals) = postSolution
		SolutionGuid = {D33305A2-512F-4391-B3BF-7856E5CF8239}
	EndGlobalSection
EndGlobal
