Microsoft Visual Studio Solution File, Format Version 12.00
# Visual Studio Version 17
VisualStudioVersion = 17.13.35818.85
MinimumVisualStudioVersion = 10.0.40219.1
Project("{FAE04EC0-301F-11D3-BF4B-00C04F79EFBC}") = "ModelTaller", "ModelTaller.csproj", "{51319B71-CC52-4125-B094-A7543BD4154D}"
EndProject
Global
	GlobalSection(SolutionConfigurationPlatforms) = preSolution
		Debug|Any CPU = Debug|Any CPU
		Release|Any CPU = Release|Any CPU
	EndGlobalSection
	GlobalSection(ProjectConfigurationPlatforms) = postSolution
		{51319B71-CC52-4125-B094-A7543BD4154D}.Debug|Any CPU.ActiveCfg = Debug|Any CPU
		{51319B71-CC52-4125-B094-A7543BD4154D}.Debug|Any CPU.Build.0 = Debug|Any CPU
		{51319B71-CC52-4125-B094-A7543BD4154D}.Release|Any CPU.ActiveCfg = Release|Any CPU
		{51319B71-CC52-4125-B094-A7543BD4154D}.Release|Any CPU.Build.0 = Release|Any CPU
	EndGlobalSection
	GlobalSection(SolutionProperties) = preSolution
		HideSolutionNode = FALSE
	EndGlobalSection
	GlobalSection(ExtensibilityGlobals) = postSolution
		SolutionGuid = {64BC011A-B2B1-4827-A53A-D571A8B33B13}
	EndGlobalSection
EndGlobal
